lockfileVersion: '9.0'

settings:
  autoInstallPeers: true
  excludeLinksFromLockfile: false

importers:

  .:
    dependencies:
      git:
        specifier: ^0.1.5
        version: 0.1.5

packages:

  git@0.1.5:
    resolution: {integrity: sha512-N+bfOrXyKMU/fQtCj6D/U9MQOEN0DAA8TLHSLdUQRSWBOkeRvsjJHdrdkvcq05xO7GSDKWc3nDEGoTZ4DfCCSg==}
    engines: {node: '>=0.4.0'}

  mime@1.2.9:
    resolution: {integrity: sha512-WiLgbHTIq5AYUvU/Luli4mZ1bUcHpGNHyCsbl+KPMg4zt+XUDpQehWjuBjdLaEvDTinvKj/FgfQt3fPoT7j08g==}

snapshots:

  git@0.1.5:
    dependencies:
      mime: 1.2.9

  mime@1.2.9: {}
